
Microsoft Visual Studio Solution File, Format Version 12.00
# Visual Studio 2013
VisualStudioVersion = 12.0.31101.0
MinimumVisualStudioVersion = 10.0.40219.1
Project("{FAE04EC0-301F-11D3-BF4B-00C04F79EFBC}") = "GSM", "GSM\GSM.csproj", "{703F640E-2606-4153-99D9-20450DB08D2A}"
EndProject
Project("{FAE04EC0-301F-11D3-BF4B-00C04F79EFBC}") = "GSMTests_CallTests_HistoryTests", "GSMTests_CallTests_HistoryTests\GSMTests_CallTests_HistoryTests.csproj", "{62AEB3A8-53FC-4BA2-8137-221BA43CE1B9}"
EndProject
Global
	GlobalSection(SolutionConfigurationPlatforms) = preSolution
		Debug|Any CPU = Debug|Any CPU
		Release|Any CPU = Release|Any CPU
	EndGlobalSection
	GlobalSection(ProjectConfigurationPlatforms) = postSolution
		{703F640E-2606-4153-99D9-20450DB08D2A}.Debug|Any CPU.ActiveCfg = Debug|Any CPU
		{703F640E-2606-4153-99D9-20450DB08D2A}.Debug|Any CPU.Build.0 = Debug|Any CPU
		{703F640E-2606-4153-99D9-20450DB08D2A}.Release|Any CPU.ActiveCfg = Release|Any CPU
		{703F640E-2606-4153-99D9-20450DB08D2A}.Release|Any CPU.Build.0 = Release|Any CPU
		{62AEB3A8-53FC-4BA2-8137-221BA43CE1B9}.Debug|Any CPU.ActiveCfg = Debug|Any CPU
		{62AEB3A8-53FC-4BA2-8137-221BA43CE1B9}.Debug|Any CPU.Build.0 = Debug|Any CPU
		{62AEB3A8-53FC-4BA2-8137-221BA43CE1B9}.Release|Any CPU.ActiveCfg = Release|Any CPU
		{62AEB3A8-53FC-4BA2-8137-221BA43CE1B9}.Release|Any CPU.Build.0 = Release|Any CPU
	EndGlobalSection
	GlobalSection(SolutionProperties) = preSolution
		HideSolutionNode = FALSE
	EndGlobalSection
EndGlobal
